// !$*UTF8*$!
{
	archiveVersion = 1;
	classes = {
	};
	objectVersion = 51;
	objects = {

/* Begin PBXBuildFile section */
		3C1BB10EDF0C3171D74069DA /* Assets.swift in Sources */ = {isa = PBXBuildFile; fileRef = 34CD4BEAFCC6D38623A44A4A /* Assets.swift */; };
		411D04034EA0369ABE7DA6E8 /* StoryboardScenes.swift in Sources */ = {isa = PBXBuildFile; fileRef = 1341F6A03BCD20231B36EDA5 /* StoryboardScenes.swift */; };
		6BA30300D9C67A988C0A5046 /* libPods-AppConfig.a in Frameworks */ = {isa = PBXBuildFile; fileRef = 132B2B8C92F701BA01382A40 /* libPods-AppConfig.a */; };
		D3490466D04370056C792948 /* Assets.xcassets in Resources */ = {isa = PBXBuildFile; fileRef = 3BB1C7961A61BB540B2B2FC3 /* Assets.xcassets */; };
/* End PBXBuildFile section */

/* Begin PBXFileReference section */
		132B2B8C92F701BA01382A40 /* libPods-AppConfig.a */ = {isa = PBXFileReference; explicitFileType = archive.ar; includeInIndex = 0; path = "libPods-AppConfig.a"; sourceTree = BUILT_PRODUCTS_DIR; };
		1341F6A03BCD20231B36EDA5 /* StoryboardScenes.swift */ = {isa = PBXFileReference; lastKnownFileType = sourcecode.swift; path = StoryboardScenes.swift; sourceTree = "<group>"; };
		1C993C2302A40142F77EDF0E /* AppConfig.entitlements */ = {isa = PBXFileReference; lastKnownFileType = text.plist.entitlements; path = AppConfig.entitlements; sourceTree = "<group>"; };
		34CD4BEAFCC6D38623A44A4A /* Assets.swift */ = {isa = PBXFileReference; lastKnownFileType = sourcecode.swift; path = Assets.swift; sourceTree = "<group>"; };
		3BB1C7961A61BB540B2B2FC3 /* Assets.xcassets */ = {isa = PBXFileReference; lastKnownFileType = folder.assetcatalog; path = Assets.xcassets; sourceTree = "<group>"; };
		525D1FBB0FAC7B6169B8BE43 /* Release.xcconfig */ = {isa = PBXFileReference; lastKnownFileType = text.xcconfig; path = Release.xcconfig; sourceTree = "<group>"; };
		5BFFC3C471C8F42C8DBAAADE /* Pods-AppConfig.staging.xcconfig */ = {isa = PBXFileReference; includeInIndex = 1; lastKnownFileType = text.xcconfig; name = "Pods-AppConfig.staging.xcconfig"; path = "Target Support Files/Pods-AppConfig/Pods-AppConfig.staging.xcconfig"; sourceTree = "<group>"; };
		737C93CE2C060BC170ADACB6 /* Staging.xcconfig */ = {isa = PBXFileReference; lastKnownFileType = text.xcconfig; path = Staging.xcconfig; sourceTree = "<group>"; };
		7BDB9706EE117B28B82E6955 /* Pods-AppConfig.debug.xcconfig */ = {isa = PBXFileReference; includeInIndex = 1; lastKnownFileType = text.xcconfig; name = "Pods-AppConfig.debug.xcconfig"; path = "Target Support Files/Pods-AppConfig/Pods-AppConfig.debug.xcconfig"; sourceTree = "<group>"; };
		9C74FD761BDCDF320CCBF768 /* Pods-AppConfig.release.xcconfig */ = {isa = PBXFileReference; includeInIndex = 1; lastKnownFileType = text.xcconfig; name = "Pods-AppConfig.release.xcconfig"; path = "Target Support Files/Pods-AppConfig/Pods-AppConfig.release.xcconfig"; sourceTree = "<group>"; };
		9E9E2F6C877510977ADA1E00 /* AppConfig-Bridging-Header.h */ = {isa = PBXFileReference; lastKnownFileType = sourcecode.c.h; path = "AppConfig-Bridging-Header.h"; sourceTree = "<group>"; };
		A12AFB840FD7A9A13E54A74E /* AppConfig.app */ = {isa = PBXFileReference; includeInIndex = 0; lastKnownFileType = wrapper.application; path = AppConfig.app; sourceTree = BUILT_PRODUCTS_DIR; };
		B72D566323180F372080289F /* Debug.xcconfig */ = {isa = PBXFileReference; lastKnownFileType = text.xcconfig; path = Debug.xcconfig; sourceTree = "<group>"; };
/* End PBXFileReference section */

/* Begin PBXFrameworksBuildPhase section */
		7858E046A4FABAAC58539CE4 /* Frameworks */ = {
			isa = PBXFrameworksBuildPhase;
			buildActionMask = 2147483647;
			files = (
				6BA30300D9C67A988C0A5046 /* libPods-AppConfig.a in Frameworks */,
			);
			runOnlyForDeploymentPostprocessing = 0;
		};
/* End PBXFrameworksBuildPhase section */

/* Begin PBXGroup section */
		0EDDFD9E55DE25521D737E81 /* Products */ = {
			isa = PBXGroup;
			children = (
				A12AFB840FD7A9A13E54A74E /* AppConfig.app */,
			);
			name = Products;
			sourceTree = "<group>";
		};
		3475992784230ED30D1521EB /* BuildConfigurations */ = {
			isa = PBXGroup;
			children = (
				B72D566323180F372080289F /* Debug.xcconfig */,
				525D1FBB0FAC7B6169B8BE43 /* Release.xcconfig */,
				737C93CE2C060BC170ADACB6 /* Staging.xcconfig */,
			);
			path = BuildConfigurations;
			sourceTree = "<group>";
		};
		375470AADAB696CF38C616DC /* Frameworks */ = {
			isa = PBXGroup;
			children = (
				132B2B8C92F701BA01382A40 /* libPods-AppConfig.a */,
			);
			name = Frameworks;
			sourceTree = "<group>";
		};
		386D5BC85F73CCEAE2ED60CE /* Sources */ = {
			isa = PBXGroup;
			children = (
				699CF3F0DD37CD5C39FE98F6 /* Common */,
				5F517624F46A3C71FC39C066 /* Modules */,
			);
			path = Sources;
			sourceTree = "<group>";
		};
		53267A54950D828CFD9EF237 /* Generated */ = {
			isa = PBXGroup;
			children = (
				E81EA1066EC45A165D1071C6 /* SwiftGen */,
			);
			path = Generated;
			sourceTree = "<group>";
		};
		5A50A770A1C97FDA051D6B06 /* Configs */ = {
			isa = PBXGroup;
			children = (
				3475992784230ED30D1521EB /* BuildConfigurations */,
			);
			path = Configs;
			sourceTree = "<group>";
		};
		5F517624F46A3C71FC39C066 /* Modules */ = {
			isa = PBXGroup;
			children = (
			);
			path = Modules;
			sourceTree = "<group>";
		};
		699CF3F0DD37CD5C39FE98F6 /* Common */ = {
			isa = PBXGroup;
			children = (
				5A50A770A1C97FDA051D6B06 /* Configs */,
				CEA2A08C83CD0749AC5AEA24 /* Resources */,
			);
			path = Common;
			sourceTree = "<group>";
		};
		9A90C8BD3406E8D2FC3552E8 /* Pods */ = {
			isa = PBXGroup;
			children = (
				7BDB9706EE117B28B82E6955 /* Pods-AppConfig.debug.xcconfig */,
				9C74FD761BDCDF320CCBF768 /* Pods-AppConfig.release.xcconfig */,
				5BFFC3C471C8F42C8DBAAADE /* Pods-AppConfig.staging.xcconfig */,
			);
			name = Pods;
			path = Pods;
			sourceTree = "<group>";
		};
		CEA2A08C83CD0749AC5AEA24 /* Resources */ = {
			isa = PBXGroup;
			children = (
				53267A54950D828CFD9EF237 /* Generated */,
				9E9E2F6C877510977ADA1E00 /* AppConfig-Bridging-Header.h */,
				1C993C2302A40142F77EDF0E /* AppConfig.entitlements */,
				3BB1C7961A61BB540B2B2FC3 /* Assets.xcassets */,
			);
			path = Resources;
			sourceTree = "<group>";
		};
		E6EBDABD63E7370A45CB81FB = {
			isa = PBXGroup;
			children = (
				386D5BC85F73CCEAE2ED60CE /* Sources */,
				0EDDFD9E55DE25521D737E81 /* Products */,
				9A90C8BD3406E8D2FC3552E8 /* Pods */,
				375470AADAB696CF38C616DC /* Frameworks */,
			);
			indentWidth = 4;
			sourceTree = "<group>";
			tabWidth = 4;
		};
		E81EA1066EC45A165D1071C6 /* SwiftGen */ = {
			isa = PBXGroup;
			children = (
				34CD4BEAFCC6D38623A44A4A /* Assets.swift */,
				1341F6A03BCD20231B36EDA5 /* StoryboardScenes.swift */,
			);
			path = SwiftGen;
			sourceTree = "<group>";
		};
/* End PBXGroup section */

/* Begin PBXNativeTarget section */
		3C68C964830692FB8994E7A1 /* AppConfig */ = {
			isa = PBXNativeTarget;
			buildConfigurationList = 1D269C89F833D5DF659444B4 /* Build configuration list for PBXNativeTarget "AppConfig" */;
			buildPhases = (
				BDE47DB6472E568F8C3ABA23 /* [CP] Check Pods Manifest.lock */,
				E1194C3206E64E8AA22DB0F0 /* SwiftGen */,
				07B32BD008443FB2F96ABC78 /* Sources */,
				753CFD4703EB2EAB115DE6AD /* Swiftlint */,
				52B41BE3C24486659305D153 /* GoogleServiceInfo */,
				A8DB51BBFFD11AEFFCFFBEA7 /* Resources */,
				715AE0B542506D9AF2C9BBB4 /* Crashlytics */,
				7858E046A4FABAAC58539CE4 /* Frameworks */,
			);
			buildRules = (
			);
			dependencies = (
			);
			name = AppConfig;
			productName = AppConfig;
			productReference = A12AFB840FD7A9A13E54A74E /* AppConfig.app */;
			productType = "com.apple.product-type.application";
		};
/* End PBXNativeTarget section */

/* Begin PBXProject section */
		D8F74E3E190AD491DE32AF0E /* Project object */ = {
			isa = PBXProject;
			attributes = {
				LastUpgradeCheck = 1200;
				TargetAttributes = {
					3C68C964830692FB8994E7A1 = {
						ProvisioningStyle = Manual;
					};
				};
			};
			buildConfigurationList = E5C539F314CEAF4493CCD50B /* Build configuration list for PBXProject "AppConfig" */;
			compatibilityVersion = "Xcode 11.0";
			developmentRegion = en;
			hasScannedForEncodings = 0;
			knownRegions = (
				Base,
				en,
			);
			mainGroup = E6EBDABD63E7370A45CB81FB;
			productRefGroup = 0EDDFD9E55DE25521D737E81 /* Products */;
			projectDirPath = "";
			projectRoot = "";
			targets = (
				3C68C964830692FB8994E7A1 /* AppConfig */,
			);
		};
/* End PBXProject section */

/* Begin PBXResourcesBuildPhase section */
		A8DB51BBFFD11AEFFCFFBEA7 /* Resources */ = {
			isa = PBXResourcesBuildPhase;
			buildActionMask = 2147483647;
			files = (
				D3490466D04370056C792948 /* Assets.xcassets in Resources */,
			);
			runOnlyForDeploymentPostprocessing = 0;
		};
/* End PBXResourcesBuildPhase section */

/* Begin PBXShellScriptBuildPhase section */
		52B41BE3C24486659305D153 /* GoogleServiceInfo */ = {
			isa = PBXShellScriptBuildPhase;
			buildActionMask = 2147483647;
			files = (
			);
			inputFileListPaths = (
			);
			inputPaths = (
			);
			name = GoogleServiceInfo;
			outputFileListPaths = (
			);
			outputPaths = (
			);
			runOnlyForDeploymentPostprocessing = 0;
			shellPath = /bin/sh;
			shellScript = "PATH_TO_GOOGLE_PLISTS=\"${PROJECT_DIR}/Sources/Common/Configs/GoogleServices\"\ncase \"${CONFIGURATION}\" in\n\"Debug\" )\ncp -r \"$PATH_TO_GOOGLE_PLISTS/GoogleService-Info-Debug.plist\" \"${BUILT_PRODUCTS_DIR}/${PRODUCT_NAME}.app/GoogleService-Info.plist\" ;;\n\"Staging\" )\ncp -r \"$PATH_TO_GOOGLE_PLISTS/GoogleService-Info-Staging.plist\" \"${BUILT_PRODUCTS_DIR}/${PRODUCT_NAME}.app/GoogleService-Info.plist\" ;;\n\"Release\" )\ncp -r \"$PATH_TO_GOOGLE_PLISTS/GoogleService-Info-Release.plist\" \"${BUILT_PRODUCTS_DIR}/${PRODUCT_NAME}.app/GoogleService-Info.plist\" ;;\n*)\n;;\nesac\n";
		};
		715AE0B542506D9AF2C9BBB4 /* Crashlytics */ = {
			isa = PBXShellScriptBuildPhase;
			buildActionMask = 2147483647;
			files = (
			);
			inputFileListPaths = (
			);
			inputPaths = (
				"$(BUILT_PRODUCTS_DIR)/$(INFOPLIST_PATH)",
				"${DWARF_DSYM_FOLDER_PATH}/${DWARF_DSYM_FILE_NAME}/Contents/Resources/DWARF/${TARGET_NAME}",
			);
			name = Crashlytics;
			outputFileListPaths = (
			);
			outputPaths = (
			);
			runOnlyForDeploymentPostprocessing = 0;
			shellPath = /bin/sh;
			shellScript = "\"${PROJECT_DIR}/scripts/run\"\n";
		};
		753CFD4703EB2EAB115DE6AD /* Swiftlint */ = {
			isa = PBXShellScriptBuildPhase;
			buildActionMask = 2147483647;
			files = (
			);
			inputFileListPaths = (
			);
			inputPaths = (
			);
			name = Swiftlint;
			outputFileListPaths = (
			);
			outputPaths = (
			);
			runOnlyForDeploymentPostprocessing = 0;
			shellPath = /bin/sh;
			shellScript = "mint run realm/SwiftLint@0.49.1 swiftlint\n";
		};
		BDE47DB6472E568F8C3ABA23 /* [CP] Check Pods Manifest.lock */ = {
			isa = PBXShellScriptBuildPhase;
			buildActionMask = 2147483647;
			files = (
			);
			inputFileListPaths = (
			);
			inputPaths = (
				"${PODS_PODFILE_DIR_PATH}/Podfile.lock",
				"${PODS_ROOT}/Manifest.lock",
			);
			name = "[CP] Check Pods Manifest.lock";
			outputFileListPaths = (
			);
			outputPaths = (
				"$(DERIVED_FILE_DIR)/Pods-AppConfig-checkManifestLockResult.txt",
			);
			runOnlyForDeploymentPostprocessing = 0;
			shellPath = /bin/sh;
			shellScript = "diff \"${PODS_PODFILE_DIR_PATH}/Podfile.lock\" \"${PODS_ROOT}/Manifest.lock\" > /dev/null\nif [ $? != 0 ] ; then\n    # print error to STDERR\n    echo \"error: The sandbox is not in sync with the Podfile.lock. Run 'pod install' or update your CocoaPods installation.\" >&2\n    exit 1\nfi\n# This output is used by Xcode 'outputs' to avoid re-running this script phase.\necho \"SUCCESS\" > \"${SCRIPT_OUTPUT_FILE_0}\"\n";
			showEnvVarsInLog = 0;
		};
		E1194C3206E64E8AA22DB0F0 /* SwiftGen */ = {
			isa = PBXShellScriptBuildPhase;
			buildActionMask = 2147483647;
			files = (
			);
			inputFileListPaths = (
			);
			inputPaths = (
			);
			name = SwiftGen;
			outputFileListPaths = (
			);
			outputPaths = (
			);
			runOnlyForDeploymentPostprocessing = 0;
			shellPath = /bin/sh;
			shellScript = "mint run SwiftGen/SwiftGen@6.5.1 swiftgen\n";
		};
/* End PBXShellScriptBuildPhase section */

/* Begin PBXSourcesBuildPhase section */
		07B32BD008443FB2F96ABC78 /* Sources */ = {
			isa = PBXSourcesBuildPhase;
			buildActionMask = 2147483647;
			files = (
				3C1BB10EDF0C3171D74069DA /* Assets.swift in Sources */,
				411D04034EA0369ABE7DA6E8 /* StoryboardScenes.swift in Sources */,
			);
			runOnlyForDeploymentPostprocessing = 0;
		};
/* End PBXSourcesBuildPhase section */

/* Begin XCBuildConfiguration section */
		131FFBB960F9CEC1500B5A2B /* Debug */ = {
			isa = XCBuildConfiguration;
			baseConfigurationReference = B72D566323180F372080289F /* Debug.xcconfig */;
			buildSettings = {
				ASSETCATALOG_COMPILER_APPICON_NAME = AppIcon;
				CODE_SIGN_ENTITLEMENTS = Sources/Common/Resources/AppConfig.entitlements;
				CODE_SIGN_IDENTITY = "iPhone Developer";
				CODE_SIGN_STYLE = Manual;
				INFOPLIST_FILE = Sources/Common/Resources/Info.plist;
				IPHONEOS_DEPLOYMENT_TARGET = 12.0;
				LD_RUNPATH_SEARCH_PATHS = (
					"$(inherited)",
					"@executable_path/Frameworks",
				);
				SDKROOT = iphoneos;
				SWIFT_OBJC_BRIDGING_HEADER = "Sources/Common/Resources/AppConfig-Bridging-Header.h";
				SWIFT_VERSION = 5.0;
				TARGETED_DEVICE_FAMILY = "1,2";
				UILaunchStoryboardName = LaunchScreen;
				UISupportedInterfaceOrientations = UIInterfaceOrientationPortrait;
				VALIDATE_WORKSPACE = YES;
			};
			name = Debug;
		};
		2FB3574D8009EAA52969B7DA /* Release */ = {
			isa = XCBuildConfiguration;
			baseConfigurationReference = 525D1FBB0FAC7B6169B8BE43 /* Release.xcconfig */;
			buildSettings = {
				ASSETCATALOG_COMPILER_APPICON_NAME = AppIcon;
				CODE_SIGN_ENTITLEMENTS = Sources/Common/Resources/AppConfig.entitlements;
				CODE_SIGN_IDENTITY = "iPhone Developer";
				CODE_SIGN_STYLE = Manual;
				INFOPLIST_FILE = Sources/Common/Resources/Info.plist;
				IPHONEOS_DEPLOYMENT_TARGET = 12.0;
				LD_RUNPATH_SEARCH_PATHS = (
					"$(inherited)",
					"@executable_path/Frameworks",
				);
				SDKROOT = iphoneos;
				SWIFT_OBJC_BRIDGING_HEADER = "Sources/Common/Resources/AppConfig-Bridging-Header.h";
				SWIFT_VERSION = 5.0;
				TARGETED_DEVICE_FAMILY = "1,2";
				UILaunchStoryboardName = LaunchScreen;
				UISupportedInterfaceOrientations = UIInterfaceOrientationPortrait;
				VALIDATE_WORKSPACE = YES;
			};
			name = Release;
		};
		5AEB907D3791D62305E986C8 /* Staging */ = {
			isa = XCBuildConfiguration;
			baseConfigurationReference = 737C93CE2C060BC170ADACB6 /* Staging.xcconfig */;
			buildSettings = {
				ASSETCATALOG_COMPILER_APPICON_NAME = AppIcon;
				CODE_SIGN_ENTITLEMENTS = Sources/Common/Resources/AppConfig.entitlements;
				CODE_SIGN_IDENTITY = "iPhone Developer";
				CODE_SIGN_STYLE = Manual;
				INFOPLIST_FILE = Sources/Common/Resources/Info.plist;
				IPHONEOS_DEPLOYMENT_TARGET = 12.0;
				LD_RUNPATH_SEARCH_PATHS = (
					"$(inherited)",
					"@executable_path/Frameworks",
				);
				SDKROOT = iphoneos;
				SWIFT_OBJC_BRIDGING_HEADER = "Sources/Common/Resources/AppConfig-Bridging-Header.h";
				SWIFT_VERSION = 5.0;
				TARGETED_DEVICE_FAMILY = "1,2";
				UILaunchStoryboardName = LaunchScreen;
				UISupportedInterfaceOrientations = UIInterfaceOrientationPortrait;
				VALIDATE_WORKSPACE = YES;
			};
			name = Staging;
		};
		6B239BCA91755C40FEB03922 /* Release */ = {
			isa = XCBuildConfiguration;
			buildSettings = {
				ALWAYS_SEARCH_USER_PATHS = NO;
				CLANG_ANALYZER_NONNULL = YES;
				CLANG_ANALYZER_NUMBER_OBJECT_CONVERSION = YES_AGGRESSIVE;
				CLANG_CXX_LANGUAGE_STANDARD = "gnu++14";
				CLANG_CXX_LIBRARY = "libc++";
				CLANG_ENABLE_MODULES = YES;
				CLANG_ENABLE_OBJC_ARC = YES;
				CLANG_ENABLE_OBJC_WEAK = YES;
				CLANG_WARN_BLOCK_CAPTURE_AUTORELEASING = YES;
				CLANG_WARN_BOOL_CONVERSION = YES;
				CLANG_WARN_COMMA = YES;
				CLANG_WARN_CONSTANT_CONVERSION = YES;
				CLANG_WARN_DEPRECATED_OBJC_IMPLEMENTATIONS = YES;
				CLANG_WARN_DIRECT_OBJC_ISA_USAGE = YES_ERROR;
				CLANG_WARN_DOCUMENTATION_COMMENTS = YES;
				CLANG_WARN_EMPTY_BODY = YES;
				CLANG_WARN_ENUM_CONVERSION = YES;
				CLANG_WARN_INFINITE_RECURSION = YES;
				CLANG_WARN_INT_CONVERSION = YES;
				CLANG_WARN_NON_LITERAL_NULL_CONVERSION = YES;
				CLANG_WARN_OBJC_IMPLICIT_RETAIN_SELF = YES;
				CLANG_WARN_OBJC_LITERAL_CONVERSION = YES;
				CLANG_WARN_OBJC_ROOT_CLASS = YES_ERROR;
				CLANG_WARN_QUOTED_INCLUDE_IN_FRAMEWORK_HEADER = YES;
				CLANG_WARN_RANGE_LOOP_ANALYSIS = YES;
				CLANG_WARN_STRICT_PROTOTYPES = YES;
				CLANG_WARN_SUSPICIOUS_MOVE = YES;
				CLANG_WARN_UNGUARDED_AVAILABILITY = YES_AGGRESSIVE;
				CLANG_WARN_UNREACHABLE_CODE = YES;
				CLANG_WARN__DUPLICATE_METHOD_MATCH = YES;
				COPY_PHASE_STRIP = NO;
				DEBUG_INFORMATION_FORMAT = "dwarf-with-dsym";
				ENABLE_NS_ASSERTIONS = NO;
				ENABLE_STRICT_OBJC_MSGSEND = YES;
				GCC_C_LANGUAGE_STANDARD = gnu11;
				GCC_NO_COMMON_BLOCKS = YES;
				GCC_WARN_64_TO_32_BIT_CONVERSION = YES;
				GCC_WARN_ABOUT_RETURN_TYPE = YES_ERROR;
				GCC_WARN_UNDECLARED_SELECTOR = YES;
				GCC_WARN_UNINITIALIZED_AUTOS = YES_AGGRESSIVE;
				GCC_WARN_UNUSED_FUNCTION = YES;
				GCC_WARN_UNUSED_VARIABLE = YES;
				MTL_ENABLE_DEBUG_INFO = NO;
				MTL_FAST_MATH = YES;
				PRODUCT_BUNDLE_IDENTIFIER = "$(PRODUCT_BUNDLE_IDENTIFIER)";
				PRODUCT_NAME = "$(TARGET_NAME)";
				SDKROOT = iphoneos;
				SWIFT_COMPILATION_MODE = wholemodule;
				SWIFT_OPTIMIZATION_LEVEL = "-O";
				SWIFT_VERSION = 5.0;
			};
			name = Release;
		};
		D7034181DE6D7A8E1938631C /* Debug */ = {
			isa = XCBuildConfiguration;
			buildSettings = {
				ALWAYS_SEARCH_USER_PATHS = NO;
				CLANG_ANALYZER_NONNULL = YES;
				CLANG_ANALYZER_NUMBER_OBJECT_CONVERSION = YES_AGGRESSIVE;
				CLANG_CXX_LANGUAGE_STANDARD = "gnu++14";
				CLANG_CXX_LIBRARY = "libc++";
				CLANG_ENABLE_MODULES = YES;
				CLANG_ENABLE_OBJC_ARC = YES;
				CLANG_ENABLE_OBJC_WEAK = YES;
				CLANG_WARN_BLOCK_CAPTURE_AUTORELEASING = YES;
				CLANG_WARN_BOOL_CONVERSION = YES;
				CLANG_WARN_COMMA = YES;
				CLANG_WARN_CONSTANT_CONVERSION = YES;
				CLANG_WARN_DEPRECATED_OBJC_IMPLEMENTATIONS = YES;
				CLANG_WARN_DIRECT_OBJC_ISA_USAGE = YES_ERROR;
				CLANG_WARN_DOCUMENTATION_COMMENTS = YES;
				CLANG_WARN_EMPTY_BODY = YES;
				CLANG_WARN_ENUM_CONVERSION = YES;
				CLANG_WARN_INFINITE_RECURSION = YES;
				CLANG_WARN_INT_CONVERSION = YES;
				CLANG_WARN_NON_LITERAL_NULL_CONVERSION = YES;
				CLANG_WARN_OBJC_IMPLICIT_RETAIN_SELF = YES;
				CLANG_WARN_OBJC_LITERAL_CONVERSION = YES;
				CLANG_WARN_OBJC_ROOT_CLASS = YES_ERROR;
				CLANG_WARN_QUOTED_INCLUDE_IN_FRAMEWORK_HEADER = YES;
				CLANG_WARN_RANGE_LOOP_ANALYSIS = YES;
				CLANG_WARN_STRICT_PROTOTYPES = YES;
				CLANG_WARN_SUSPICIOUS_MOVE = YES;
				CLANG_WARN_UNGUARDED_AVAILABILITY = YES_AGGRESSIVE;
				CLANG_WARN_UNREACHABLE_CODE = YES;
				CLANG_WARN__DUPLICATE_METHOD_MATCH = YES;
				COPY_PHASE_STRIP = NO;
				DEBUG_INFORMATION_FORMAT = dwarf;
				ENABLE_STRICT_OBJC_MSGSEND = YES;
				ENABLE_TESTABILITY = YES;
				GCC_C_LANGUAGE_STANDARD = gnu11;
				GCC_DYNAMIC_NO_PIC = NO;
				GCC_NO_COMMON_BLOCKS = YES;
				GCC_OPTIMIZATION_LEVEL = 0;
				GCC_PREPROCESSOR_DEFINITIONS = (
					"$(inherited)",
					"DEBUG=1",
				);
				GCC_WARN_64_TO_32_BIT_CONVERSION = YES;
				GCC_WARN_ABOUT_RETURN_TYPE = YES_ERROR;
				GCC_WARN_UNDECLARED_SELECTOR = YES;
				GCC_WARN_UNINITIALIZED_AUTOS = YES_AGGRESSIVE;
				GCC_WARN_UNUSED_FUNCTION = YES;
				GCC_WARN_UNUSED_VARIABLE = YES;
				MTL_ENABLE_DEBUG_INFO = INCLUDE_SOURCE;
				MTL_FAST_MATH = YES;
				ONLY_ACTIVE_ARCH = YES;
				PRODUCT_BUNDLE_IDENTIFIER = "$(PRODUCT_BUNDLE_IDENTIFIER)";
				PRODUCT_NAME = "$(TARGET_NAME)";
				SDKROOT = iphoneos;
				SWIFT_ACTIVE_COMPILATION_CONDITIONS = DEBUG;
				SWIFT_OPTIMIZATION_LEVEL = "-Onone";
				SWIFT_VERSION = 5.0;
			};
			name = Debug;
		};
		F80DDAD954659E2105943020 /* Staging */ = {
			isa = XCBuildConfiguration;
			buildSettings = {
				PRODUCT_BUNDLE_IDENTIFIER = "$(PRODUCT_BUNDLE_IDENTIFIER)";
				SDKROOT = iphoneos;
			};
			name = Staging;
		};
/* End XCBuildConfiguration section */

/* Begin XCConfigurationList section */
		1D269C89F833D5DF659444B4 /* Build configuration list for PBXNativeTarget "AppConfig" */ = {
			isa = XCConfigurationList;
			buildConfigurations = (
				131FFBB960F9CEC1500B5A2B /* Debug */,
				2FB3574D8009EAA52969B7DA /* Release */,
				5AEB907D3791D62305E986C8 /* Staging */,
			);
			defaultConfigurationIsVisible = 0;
			defaultConfigurationName = Debug;
		};
		E5C539F314CEAF4493CCD50B /* Build configuration list for PBXProject "AppConfig" */ = {
			isa = XCConfigurationList;
			buildConfigurations = (
				D7034181DE6D7A8E1938631C /* Debug */,
				6B239BCA91755C40FEB03922 /* Release */,
				F80DDAD954659E2105943020 /* Staging */,
			);
			defaultConfigurationIsVisible = 0;
			defaultConfigurationName = Debug;
		};
/* End XCConfigurationList section */
	};
	rootObject = D8F74E3E190AD491DE32AF0E /* Project object */;
}
